
Microsoft Visual Studio Solution File, Format Version 12.00
# Visual Studio 15
VisualStudioVersion = 15.0.27703.2026
MinimumVisualStudioVersion = 10.0.40219.1
Project("{9A19103F-16F7-4668-BE54-9A1E7A4F7556}") = "AdminActionTask", "AdminActionTask\AdminActionTask.csproj", "{8CD9D3A6-4296-4C36-9634-5062D1EA0BF8}"
EndProject
Project("{9A19103F-16F7-4668-BE54-9A1E7A4F7556}") = "ResolveIncidentTask", "ResolveIncidentTask\ResolveIncidentTask.csproj", "{1704A8CC-FF89-4A21-881F-14012E84EA83}"
EndProject
Project("{9A19103F-16F7-4668-BE54-9A1E7A4F7556}") = "RegisterIncidentTask", "RegisterIncidentTask\RegisterIncidentTask.csproj", "{39C28A15-D005-494E-A877-57A97F1AD114}"
EndProject
Project("{2150E333-8FDC-42A3-9474-1A3956D46DE8}") = "Docs", "Docs", "{51287A9C-2976-4934-8962-05B4CC423BDF}"
	ProjectSection(SolutionItems) = preProject
		LICENSE = LICENSE
		README.md = README.md
	EndProjectSection
EndProject
Project("{9A19103F-16F7-4668-BE54-9A1E7A4F7556}") = "ScheduleExamTask", "ScheduleExamTask\ScheduleExamTask.csproj", "{A63ABD80-D6BD-47A4-91BE-4C7618581D32}"
EndProject
Project("{9A19103F-16F7-4668-BE54-9A1E7A4F7556}") = "SendNotificationTask", "SendNotificationTask\SendNotificationTask.csproj", "{71577E57-1D2B-4118-87D9-B742D8674EA3}"
EndProject
Project("{2150E333-8FDC-42A3-9474-1A3956D46DE8}") = "Infra", "Infra", "{296D1A28-AD46-4DD3-866F-2BCAB14A7E4B}"
	ProjectSection(SolutionItems) = preProject
		template.yaml = template.yaml
	EndProjectSection
EndProject
Project("{2150E333-8FDC-42A3-9474-1A3956D46DE8}") = "Shared", "Shared", "{6CF48F2A-02DF-44D2-8765-1822B0F54D2A}"
ProjectSection(SolutionItems) = preProject
	state-machine.asl.json = state-machine.asl.json
EndProjectSection
EndProject
Project("{FAE04EC0-301F-11D3-BF4B-00C04F79EFBC}") = "SendNotificationTask.Tests", "SendNotificationTask.Tests\SendNotificationTask.Tests.csproj", "{7BC85B28-1084-4439-A601-E456631088DC}"
EndProject
Project("{FAE04EC0-301F-11D3-BF4B-00C04F79EFBC}") = "ResolveIncidentTask.Tests", "ResolveIncidentTask.Tests\ResolveIncidentTask.Tests.csproj", "{033FDAFD-267E-4BA0-95EB-8EB112D98A03}"
EndProject
Project("{FAE04EC0-301F-11D3-BF4B-00C04F79EFBC}") = "SubmitExamTask", "SubmitExamTask\SubmitExamTask.csproj", "{61BDB5E4-6D6E-4284-AB47-4853B747B930}"
EndProject
Project("{FAE04EC0-301F-11D3-BF4B-00C04F79EFBC}") = "SubmitExamTask.Tests", "SubmitExamTask.Tests\SubmitExamTask.Tests.csproj", "{31647F12-6E08-4CA8-BFAF-08B5999C2047}"
EndProject
Project("{FAE04EC0-301F-11D3-BF4B-00C04F79EFBC}") = "PlagiarismRepository", "PlagiarismRepository\PlagiarismRepository.csproj", "{11FF3617-F6BD-4F67-AF05-1BEF3618163C}"
EndProject
Project("{FAE04EC0-301F-11D3-BF4B-00C04F79EFBC}") = "Plagiarism", "Plagiarism\Plagiarism.csproj", "{E72FF17E-B4A4-4A17-98D6-92C781B4174B}"
EndProject
Project("{FAE04EC0-301F-11D3-BF4B-00C04F79EFBC}") = "PlagiarismRepository.Tests", "PlagiarismRepository.Tests\PlagiarismRepository.Tests.csproj", "{BA960ECD-5652-454E-BA54-579B36885AD4}"
EndProject
Global
	GlobalSection(SolutionConfigurationPlatforms) = preSolution
		Debug|Any CPU = Debug|Any CPU
		Release|Any CPU = Release|Any CPU
	EndGlobalSection
	GlobalSection(ProjectConfigurationPlatforms) = postSolution
		{8CD9D3A6-4296-4C36-9634-5062D1EA0BF8}.Debug|Any CPU.ActiveCfg = Debug|Any CPU
		{8CD9D3A6-4296-4C36-9634-5062D1EA0BF8}.Debug|Any CPU.Build.0 = Debug|Any CPU
		{8CD9D3A6-4296-4C36-9634-5062D1EA0BF8}.Release|Any CPU.ActiveCfg = Release|Any CPU
		{8CD9D3A6-4296-4C36-9634-5062D1EA0BF8}.Release|Any CPU.Build.0 = Release|Any CPU
		{1704A8CC-FF89-4A21-881F-14012E84EA83}.Debug|Any CPU.ActiveCfg = Debug|Any CPU
		{1704A8CC-FF89-4A21-881F-14012E84EA83}.Debug|Any CPU.Build.0 = Debug|Any CPU
		{1704A8CC-FF89-4A21-881F-14012E84EA83}.Release|Any CPU.ActiveCfg = Release|Any CPU
		{1704A8CC-FF89-4A21-881F-14012E84EA83}.Release|Any CPU.Build.0 = Release|Any CPU
		{39C28A15-D005-494E-A877-57A97F1AD114}.Debug|Any CPU.ActiveCfg = Debug|Any CPU
		{39C28A15-D005-494E-A877-57A97F1AD114}.Debug|Any CPU.Build.0 = Debug|Any CPU
		{39C28A15-D005-494E-A877-57A97F1AD114}.Release|Any CPU.ActiveCfg = Release|Any CPU
		{39C28A15-D005-494E-A877-57A97F1AD114}.Release|Any CPU.Build.0 = Release|Any CPU
		{A63ABD80-D6BD-47A4-91BE-4C7618581D32}.Debug|Any CPU.ActiveCfg = Debug|Any CPU
		{A63ABD80-D6BD-47A4-91BE-4C7618581D32}.Debug|Any CPU.Build.0 = Debug|Any CPU
		{A63ABD80-D6BD-47A4-91BE-4C7618581D32}.Release|Any CPU.ActiveCfg = Release|Any CPU
		{A63ABD80-D6BD-47A4-91BE-4C7618581D32}.Release|Any CPU.Build.0 = Release|Any CPU
		{71577E57-1D2B-4118-87D9-B742D8674EA3}.Debug|Any CPU.ActiveCfg = Debug|Any CPU
		{71577E57-1D2B-4118-87D9-B742D8674EA3}.Debug|Any CPU.Build.0 = Debug|Any CPU
		{71577E57-1D2B-4118-87D9-B742D8674EA3}.Release|Any CPU.ActiveCfg = Release|Any CPU
		{71577E57-1D2B-4118-87D9-B742D8674EA3}.Release|Any CPU.Build.0 = Release|Any CPU
		{7BC85B28-1084-4439-A601-E456631088DC}.Debug|Any CPU.ActiveCfg = Debug|Any CPU
		{7BC85B28-1084-4439-A601-E456631088DC}.Debug|Any CPU.Build.0 = Debug|Any CPU
		{7BC85B28-1084-4439-A601-E456631088DC}.Release|Any CPU.ActiveCfg = Release|Any CPU
		{7BC85B28-1084-4439-A601-E456631088DC}.Release|Any CPU.Build.0 = Release|Any CPU
		{033FDAFD-267E-4BA0-95EB-8EB112D98A03}.Debug|Any CPU.ActiveCfg = Debug|Any CPU
		{033FDAFD-267E-4BA0-95EB-8EB112D98A03}.Debug|Any CPU.Build.0 = Debug|Any CPU
		{033FDAFD-267E-4BA0-95EB-8EB112D98A03}.Release|Any CPU.ActiveCfg = Release|Any CPU
		{033FDAFD-267E-4BA0-95EB-8EB112D98A03}.Release|Any CPU.Build.0 = Release|Any CPU
		{61BDB5E4-6D6E-4284-AB47-4853B747B930}.Debug|Any CPU.ActiveCfg = Debug|Any CPU
		{61BDB5E4-6D6E-4284-AB47-4853B747B930}.Debug|Any CPU.Build.0 = Debug|Any CPU
		{61BDB5E4-6D6E-4284-AB47-4853B747B930}.Release|Any CPU.ActiveCfg = Release|Any CPU
		{61BDB5E4-6D6E-4284-AB47-4853B747B930}.Release|Any CPU.Build.0 = Release|Any CPU
		{31647F12-6E08-4CA8-BFAF-08B5999C2047}.Debug|Any CPU.ActiveCfg = Debug|Any CPU
		{31647F12-6E08-4CA8-BFAF-08B5999C2047}.Debug|Any CPU.Build.0 = Debug|Any CPU
		{31647F12-6E08-4CA8-BFAF-08B5999C2047}.Release|Any CPU.ActiveCfg = Release|Any CPU
		{31647F12-6E08-4CA8-BFAF-08B5999C2047}.Release|Any CPU.Build.0 = Release|Any CPU
		{11FF3617-F6BD-4F67-AF05-1BEF3618163C}.Debug|Any CPU.ActiveCfg = Debug|Any CPU
		{11FF3617-F6BD-4F67-AF05-1BEF3618163C}.Debug|Any CPU.Build.0 = Debug|Any CPU
		{11FF3617-F6BD-4F67-AF05-1BEF3618163C}.Release|Any CPU.ActiveCfg = Release|Any CPU
		{11FF3617-F6BD-4F67-AF05-1BEF3618163C}.Release|Any CPU.Build.0 = Release|Any CPU
		{E72FF17E-B4A4-4A17-98D6-92C781B4174B}.Debug|Any CPU.ActiveCfg = Debug|Any CPU
		{E72FF17E-B4A4-4A17-98D6-92C781B4174B}.Debug|Any CPU.Build.0 = Debug|Any CPU
		{E72FF17E-B4A4-4A17-98D6-92C781B4174B}.Release|Any CPU.ActiveCfg = Release|Any CPU
		{E72FF17E-B4A4-4A17-98D6-92C781B4174B}.Release|Any CPU.Build.0 = Release|Any CPU
		{BA960ECD-5652-454E-BA54-579B36885AD4}.Debug|Any CPU.ActiveCfg = Debug|Any CPU
		{BA960ECD-5652-454E-BA54-579B36885AD4}.Debug|Any CPU.Build.0 = Debug|Any CPU
		{BA960ECD-5652-454E-BA54-579B36885AD4}.Release|Any CPU.ActiveCfg = Release|Any CPU
		{BA960ECD-5652-454E-BA54-579B36885AD4}.Release|Any CPU.Build.0 = Release|Any CPU
	EndGlobalSection
	GlobalSection(SolutionProperties) = preSolution
		HideSolutionNode = FALSE
	EndGlobalSection
	GlobalSection(NestedProjects) = preSolution
		{11FF3617-F6BD-4F67-AF05-1BEF3618163C} = {6CF48F2A-02DF-44D2-8765-1822B0F54D2A}
		{E72FF17E-B4A4-4A17-98D6-92C781B4174B} = {6CF48F2A-02DF-44D2-8765-1822B0F54D2A}
		{BA960ECD-5652-454E-BA54-579B36885AD4} = {6CF48F2A-02DF-44D2-8765-1822B0F54D2A}
	EndGlobalSection
	GlobalSection(ExtensibilityGlobals) = postSolution
		SolutionGuid = {EB157A42-7548-4F1F-885B-DDDF408D3047}
	EndGlobalSection
EndGlobal
